
Microsoft Visual Studio Solution File, Format Version 12.00
# Visual Studio Version 17
VisualStudioVersion = 17.2.32602.215
MinimumVisualStudioVersion = 10.0.40219.1
Project("{888888A0-9F3D-457C-B088-3A5042F75D52}") = "EletricistCalculator", "EletricistCalculator\EletricistCalculator.pyproj", "{8A1F8873-08AD-4F54-A30D-47A13752FF55}"
EndProject
Global
	GlobalSection(SolutionConfigurationPlatforms) = preSolution
		Debug|Any CPU = Debug|Any CPU
		Release|Any CPU = Release|Any CPU
	EndGlobalSection
	GlobalSection(ProjectConfigurationPlatforms) = postSolution
		{8A1F8873-08AD-4F54-A30D-47A13752FF55}.Debug|Any CPU.ActiveCfg = Debug|Any CPU
		{8A1F8873-08AD-4F54-A30D-47A13752FF55}.Release|Any CPU.ActiveCfg = Release|Any CPU
	EndGlobalSection
	GlobalSection(SolutionProperties) = preSolution
		HideSolutionNode = FALSE
	EndGlobalSection
	GlobalSection(ExtensibilityGlobals) = postSolution
		SolutionGuid = {29B3CA6C-6864-48DA-B66B-EB71B57DA3B4}
	EndGlobalSection
EndGlobal
